{
  "lockfileVersion": 1,
  "configVersion": 1,
  "workspaces": {
    "": {
      "name": "@bounded-systems/repo-root",
      "dependencies": {
        "@bounded-systems/proc": "npm:@jsr/bounded-systems__proc",
      },
      "devDependencies": {
        "@types/bun": "^1.3.14",
        "typescript": "^6.0.3",
      },
    },
  },
  "packages": {
    "@bounded-systems/proc": ["@jsr/bounded-systems__proc@0.2.0", "https://npm.jsr.io/~/11/@jsr/bounded-systems__proc/0.2.0.tgz", { "dependencies": { "@jsr/bounded-systems__env": "^0.2.0", "@jsr/bounded-systems__policy": "^0.2.0", "zod": "^4.4.3" } }, "sha512-RFNqb9+9HvC5MrM4gdMn+DUHK/SJrt30e9z+UwnPnt8K1LpHXGRbPYGXuSWYOJPK++fVuR2c9uG42tecMQxA7g=="],

    "@jsr/bounded-systems__env": ["@jsr/bounded-systems__env@0.2.0", "https://npm.jsr.io/~/11/@jsr/bounded-systems__env/0.2.0.tgz", {}, "sha512-5WqnPWlI4TI30T+FUWFXAQfZWV6epGQwScGeyVGh1ylNsLyscTyVdgiqBtdaJvQ1JGN6YaWqjZ7gq1dQC+THEA=="],

    "@jsr/bounded-systems__policy": ["@jsr/bounded-systems__policy@0.2.0", "https://npm.jsr.io/~/11/@jsr/bounded-systems__policy/0.2.0.tgz", {}, "sha512-4zgFOYBcvtIcfiin513amV8Nand1s0tUZIGEOWfCXUX+OjIza/A7arn5NeSYFKnHEHCHfHjO0x90vcJTvNdFvg=="],

    "@types/bun": ["@types/bun@1.3.14", "", { "dependencies": { "bun-types": "1.3.14" } }, "sha512-h1hFqFVcvAvD9j9K7ZW7vd82aSA+rTdznZa+5bwvCwqSB1jmmfLcbIWhOLx1/+boy/xmjgCs/OMUL8hRJSmnPw=="],

    "@types/node": ["@types/node@26.0.0", "", { "dependencies": { "undici-types": "~8.3.0" } }, "sha512-vf2YFi1iY9lHGwNJMs01biZFbKJkrZR1T6/MlzjhJLPdntOHLhTrDSnSVcdtvjihi4VQNlrFRIxLsDBlQpAipA=="],

    "bun-types": ["bun-types@1.3.14", "", { "dependencies": { "@types/node": "*" } }, "sha512-4N0ig0fEomHt5R0KCFWjovxow98rIoRwKolrYdCcknNwMekCXRnWEUvgu5soYV8QXtVsrUD8B95MBOZGPvr6KQ=="],

    "typescript": ["typescript@6.0.3", "", { "bin": { "tsc": "bin/tsc", "tsserver": "bin/tsserver" } }, "sha512-y2TvuxSZPDyQakkFRPZHKFm+KKVqIisdg9/CZwm9ftvKXLP8NRWj38/ODjNbr43SsoXqNuAisEf1GdCxqWcdBw=="],

    "undici-types": ["undici-types@8.3.0", "", {}, "sha512-j375ScV60dom+YkPFIfTLcOiPxkN/buHz5GobjLhixFuANaNs3C9l4GmrWqejgXWJ7BbJcFYpTEUkS1Ge8bpZQ=="],

    "zod": ["zod@4.4.3", "", {}, "sha512-ytENFjIJFl2UwYglde2jchW2Hwm4GJFLDiSXWdTrJQBIN9Fcyp7n4DhxJEiWNAJMV1/BqWfW/kkg71UDcHJyTQ=="],
  }
}
